<?xml version="1.0" encoding="utf-8"?>
<Project ToolsVersion="4.0" xmlns="http://schemas.microsoft.com/developer/msbuild/2003">
  <ItemGroup>
    <Filter Include="Source Files">
      <UniqueIdentifier>{4FC737F1-C7A5-4376-A066-2A32D752A2FF}</UniqueIdentifier>
      <Extensions>cpp;c;cc;cxx;c++;cppm;ixx;def;odl;idl;hpj;bat;asm;asmx</Extensions>
    </Filter>
    <Filter Include="Header Files">
      <UniqueIdentifier>{93995380-89BD-4b04-88EB-625FBE52EBFB}</UniqueIdentifier>
      <Extensions>h;hh;hpp;hxx;h++;hm;inl;inc;ipp;xsd</Extensions>
    </Filter>
    <Filter Include="Unity">
      <UniqueIdentifier>{f744d287-64ea-4f37-ab6b-5818cfcf29a5}</UniqueIdentifier>
    </Filter>
    <Filter Include="Disguise">
      <UniqueIdentifier>{4697d858-ccc0-42ca-b5f6-746942c3754a}</UniqueIdentifier>
    </Filter>
  </ItemGroup>
  <ItemGroup>
    <ClCompile Include="main.cpp">
      <Filter>Source Files</Filter>
    </ClCompile>
  </ItemGroup>
  <ItemGroup>
    <ClInclude Include="PublicAPI.h">
      <Filter>Header Files</Filter>
    </ClInclude>
    <ClInclude Include="DX12Texture.h">
      <Filter>Header Files</Filter>
    </ClInclude>
    <ClInclude Include="DX12System.h">
      <Filter>Header Files</Filter>
    </ClInclude>
    <ClInclude Include="Logger.h">
      <Filter>Header Files</Filter>
    </ClInclude>
    <ClInclude Include="Unity\IUnityGraphics.h">
      <Filter>Unity</Filter>
    </ClInclude>
    <ClInclude Include="Unity\IUnityGraphicsD3D12.h">
      <Filter>Unity</Filter>
    </ClInclude>
    <ClInclude Include="Unity\IUnityInterface.h">
      <Filter>Unity</Filter>
    </ClInclude>
    <ClInclude Include="Unity\IUnityLog.h">
      <Filter>Unity</Filter>
    </ClInclude>
    <ClInclude Include="Disguise\d3renderstream.h">
      <Filter>Disguise</Filter>
    </ClInclude>
    <ClInclude Include="Events.h">
      <Filter>Source Files</Filter>
    </ClInclude>
  </ItemGroup>
</Project>